
Microsoft Visual Studio Solution File, Format Version 12.00
# Visual Studio 14
VisualStudioVersion = 14.0.24720.0
MinimumVisualStudioVersion = 10.0.40219.1
Project("{FAE04EC0-301F-11D3-BF4B-00C04F79EFBC}") = "IoT", "IoT\IoT.csproj", "{4BA4CE45-E933-49A1-AB77-A110AACA5A8D}"
EndProject
Project("{FAE04EC0-301F-11D3-BF4B-00C04F79EFBC}") = "IoT_UWP", "IoT_UWP\IoT_UWP.csproj", "{F87826A0-8F9F-4534-B8D0-A006B85FAE90}"
EndProject
Global
	GlobalSection(SolutionConfigurationPlatforms) = preSolution
		Debug|Any CPU = Debug|Any CPU
		Debug|ARM = Debug|ARM
		Debug|x64 = Debug|x64
		Debug|x86 = Debug|x86
		Release|Any CPU = Release|Any CPU
		Release|ARM = Release|ARM
		Release|x64 = Release|x64
		Release|x86 = Release|x86
	EndGlobalSection
	GlobalSection(ProjectConfigurationPlatforms) = postSolution
		{4BA4CE45-E933-49A1-AB77-A110AACA5A8D}.Debug|Any CPU.ActiveCfg = Debug|x86
		{4BA4CE45-E933-49A1-AB77-A110AACA5A8D}.Debug|ARM.ActiveCfg = Debug|ARM
		{4BA4CE45-E933-49A1-AB77-A110AACA5A8D}.Debug|ARM.Build.0 = Debug|ARM
		{4BA4CE45-E933-49A1-AB77-A110AACA5A8D}.Debug|ARM.Deploy.0 = Debug|ARM
		{4BA4CE45-E933-49A1-AB77-A110AACA5A8D}.Debug|x64.ActiveCfg = Debug|x64
		{4BA4CE45-E933-49A1-AB77-A110AACA5A8D}.Debug|x64.Build.0 = Debug|x64
		{4BA4CE45-E933-49A1-AB77-A110AACA5A8D}.Debug|x64.Deploy.0 = Debug|x64
		{4BA4CE45-E933-49A1-AB77-A110AACA5A8D}.Debug|x86.ActiveCfg = Debug|x86
		{4BA4CE45-E933-49A1-AB77-A110AACA5A8D}.Debug|x86.Build.0 = Debug|x86
		{4BA4CE45-E933-49A1-AB77-A110AACA5A8D}.Debug|x86.Deploy.0 = Debug|x86
		{4BA4CE45-E933-49A1-AB77-A110AACA5A8D}.Release|Any CPU.ActiveCfg = Release|x86
		{4BA4CE45-E933-49A1-AB77-A110AACA5A8D}.Release|ARM.ActiveCfg = Release|ARM
		{4BA4CE45-E933-49A1-AB77-A110AACA5A8D}.Release|ARM.Build.0 = Release|ARM
		{4BA4CE45-E933-49A1-AB77-A110AACA5A8D}.Release|ARM.Deploy.0 = Release|ARM
		{4BA4CE45-E933-49A1-AB77-A110AACA5A8D}.Release|x64.ActiveCfg = Release|x64
		{4BA4CE45-E933-49A1-AB77-A110AACA5A8D}.Release|x64.Build.0 = Release|x64
		{4BA4CE45-E933-49A1-AB77-A110AACA5A8D}.Release|x64.Deploy.0 = Release|x64
		{4BA4CE45-E933-49A1-AB77-A110AACA5A8D}.Release|x86.ActiveCfg = Release|x86
		{4BA4CE45-E933-49A1-AB77-A110AACA5A8D}.Release|x86.Build.0 = Release|x86
		{4BA4CE45-E933-49A1-AB77-A110AACA5A8D}.Release|x86.Deploy.0 = Release|x86
		{F87826A0-8F9F-4534-B8D0-A006B85FAE90}.Debug|Any CPU.ActiveCfg = Debug|x86
		{F87826A0-8F9F-4534-B8D0-A006B85FAE90}.Debug|ARM.ActiveCfg = Debug|ARM
		{F87826A0-8F9F-4534-B8D0-A006B85FAE90}.Debug|ARM.Build.0 = Debug|ARM
		{F87826A0-8F9F-4534-B8D0-A006B85FAE90}.Debug|ARM.Deploy.0 = Debug|ARM
		{F87826A0-8F9F-4534-B8D0-A006B85FAE90}.Debug|x64.ActiveCfg = Debug|x64
		{F87826A0-8F9F-4534-B8D0-A006B85FAE90}.Debug|x64.Build.0 = Debug|x64
		{F87826A0-8F9F-4534-B8D0-A006B85FAE90}.Debug|x64.Deploy.0 = Debug|x64
		{F87826A0-8F9F-4534-B8D0-A006B85FAE90}.Debug|x86.ActiveCfg = Debug|x86
		{F87826A0-8F9F-4534-B8D0-A006B85FAE90}.Debug|x86.Build.0 = Debug|x86
		{F87826A0-8F9F-4534-B8D0-A006B85FAE90}.Debug|x86.Deploy.0 = Debug|x86
		{F87826A0-8F9F-4534-B8D0-A006B85FAE90}.Release|Any CPU.ActiveCfg = Release|x86
		{F87826A0-8F9F-4534-B8D0-A006B85FAE90}.Release|ARM.ActiveCfg = Release|ARM
		{F87826A0-8F9F-4534-B8D0-A006B85FAE90}.Release|ARM.Build.0 = Release|ARM
		{F87826A0-8F9F-4534-B8D0-A006B85FAE90}.Release|ARM.Deploy.0 = Release|ARM
		{F87826A0-8F9F-4534-B8D0-A006B85FAE90}.Release|x64.ActiveCfg = Release|x64
		{F87826A0-8F9F-4534-B8D0-A006B85FAE90}.Release|x64.Build.0 = Release|x64
		{F87826A0-8F9F-4534-B8D0-A006B85FAE90}.Release|x64.Deploy.0 = Release|x64
		{F87826A0-8F9F-4534-B8D0-A006B85FAE90}.Release|x86.ActiveCfg = Release|x86
		{F87826A0-8F9F-4534-B8D0-A006B85FAE90}.Release|x86.Build.0 = Release|x86
		{F87826A0-8F9F-4534-B8D0-A006B85FAE90}.Release|x86.Deploy.0 = Release|x86
	EndGlobalSection
	GlobalSection(SolutionProperties) = preSolution
		HideSolutionNode = FALSE
	EndGlobalSection
EndGlobal
